// !$*UTF8*$!
{
	archiveVersion = 1;
	classes = {
	};
	objectVersion = 46;
	objects = {

/* Begin PBXBuildFile section */
		8982640DE11A534DB4FD0599 /* Pods_ParseApp.framework in Frameworks */ = {isa = PBXBuildFile; fileRef = 6D33BC7C265FCAA9E28344D0 /* Pods_ParseApp.framework */; };
		D535ADFB1E59984700145B4A /* BaseNavigationViewController.swift in Sources */ = {isa = PBXBuildFile; fileRef = D535ADFA1E59984700145B4A /* BaseNavigationViewController.swift */; };
		D5791E331E5A2BD800F696B3 /* KeyDefinitions.swift in Sources */ = {isa = PBXBuildFile; fileRef = D5791E321E5A2BD800F696B3 /* KeyDefinitions.swift */; };
		D5791E351E5A550200F696B3 /* ChatViewController.swift in Sources */ = {isa = PBXBuildFile; fileRef = D5791E341E5A550200F696B3 /* ChatViewController.swift */; };
		D5791E381E5A759A00F696B3 /* SendChatTextView.swift in Sources */ = {isa = PBXBuildFile; fileRef = D5791E371E5A759A00F696B3 /* SendChatTextView.swift */; };
		D5791E3C1E5A7D1500F696B3 /* Message.swift in Sources */ = {isa = PBXBuildFile; fileRef = D5791E3B1E5A7D1500F696B3 /* Message.swift */; };
		D5791E3E1E5A7F7B00F696B3 /* SendChatButton.swift in Sources */ = {isa = PBXBuildFile; fileRef = D5791E3D1E5A7F7B00F696B3 /* SendChatButton.swift */; };
		D5791E401E5A8BC100F696B3 /* ChatTableViewCell.swift in Sources */ = {isa = PBXBuildFile; fileRef = D5791E3F1E5A8BC100F696B3 /* ChatTableViewCell.swift */; };
		D5791E421E5A8CAF00F696B3 /* ChatTextLabel.swift in Sources */ = {isa = PBXBuildFile; fileRef = D5791E411E5A8CAF00F696B3 /* ChatTextLabel.swift */; };
		D5791E441E5A978F00F696B3 /* MessageContainerView.swift in Sources */ = {isa = PBXBuildFile; fileRef = D5791E431E5A978F00F696B3 /* MessageContainerView.swift */; };
		D5F8B7421E484FD500B6D3FB /* AppDelegate.swift in Sources */ = {isa = PBXBuildFile; fileRef = D5F8B7411E484FD500B6D3FB /* AppDelegate.swift */; };
		D5F8B7471E484FD500B6D3FB /* Main.storyboard in Resources */ = {isa = PBXBuildFile; fileRef = D5F8B7451E484FD500B6D3FB /* Main.storyboard */; };
		D5F8B7491E484FD500B6D3FB /* Assets.xcassets in Resources */ = {isa = PBXBuildFile; fileRef = D5F8B7481E484FD500B6D3FB /* Assets.xcassets */; };
		D5F8B74C1E484FD500B6D3FB /* LaunchScreen.storyboard in Resources */ = {isa = PBXBuildFile; fileRef = D5F8B74A1E484FD500B6D3FB /* LaunchScreen.storyboard */; };
		D5F8B7541E48508000B6D3FB /* ParseLoginViewController.swift in Sources */ = {isa = PBXBuildFile; fileRef = D5F8B7531E48508000B6D3FB /* ParseLoginViewController.swift */; };
		D5F8B7561E48554200B6D3FB /* ParseClient.swift in Sources */ = {isa = PBXBuildFile; fileRef = D5F8B7551E48554200B6D3FB /* ParseClient.swift */; };
/* End PBXBuildFile section */

/* Begin PBXFileReference section */
		6D33BC7C265FCAA9E28344D0 /* Pods_ParseApp.framework */ = {isa = PBXFileReference; explicitFileType = wrapper.framework; includeInIndex = 0; path = Pods_ParseApp.framework; sourceTree = BUILT_PRODUCTS_DIR; };
		85D21282E3AB18E1D6CE4E42 /* Pods-ParseApp.debug.xcconfig */ = {isa = PBXFileReference; includeInIndex = 1; lastKnownFileType = text.xcconfig; name = "Pods-ParseApp.debug.xcconfig"; path = "Pods/Target Support Files/Pods-ParseApp/Pods-ParseApp.debug.xcconfig"; sourceTree = "<group>"; };
		9BAE1FA18C1E9C2F95E0035B /* Pods-ParseApp.release.xcconfig */ = {isa = PBXFileReference; includeInIndex = 1; lastKnownFileType = text.xcconfig; name = "Pods-ParseApp.release.xcconfig"; path = "Pods/Target Support Files/Pods-ParseApp/Pods-ParseApp.release.xcconfig"; sourceTree = "<group>"; };
		D535ADFA1E59984700145B4A /* BaseNavigationViewController.swift */ = {isa = PBXFileReference; fileEncoding = 4; lastKnownFileType = sourcecode.swift; path = BaseNavigationViewController.swift; sourceTree = "<group>"; };
		D5791E321E5A2BD800F696B3 /* KeyDefinitions.swift */ = {isa = PBXFileReference; fileEncoding = 4; lastKnownFileType = sourcecode.swift; path = KeyDefinitions.swift; sourceTree = "<group>"; };
		D5791E341E5A550200F696B3 /* ChatViewController.swift */ = {isa = PBXFileReference; fileEncoding = 4; lastKnownFileType = sourcecode.swift; path = ChatViewController.swift; sourceTree = "<group>"; };
		D5791E371E5A759A00F696B3 /* SendChatTextView.swift */ = {isa = PBXFileReference; fileEncoding = 4; lastKnownFileType = sourcecode.swift; path = SendChatTextView.swift; sourceTree = "<group>"; };
		D5791E3B1E5A7D1500F696B3 /* Message.swift */ = {isa = PBXFileReference; fileEncoding = 4; lastKnownFileType = sourcecode.swift; path = Message.swift; sourceTree = "<group>"; };
		D5791E3D1E5A7F7B00F696B3 /* SendChatButton.swift */ = {isa = PBXFileReference; fileEncoding = 4; lastKnownFileType = sourcecode.swift; path = SendChatButton.swift; sourceTree = "<group>"; };
		D5791E3F1E5A8BC100F696B3 /* ChatTableViewCell.swift */ = {isa = PBXFileReference; fileEncoding = 4; lastKnownFileType = sourcecode.swift; path = ChatTableViewCell.swift; sourceTree = "<group>"; };
		D5791E411E5A8CAF00F696B3 /* ChatTextLabel.swift */ = {isa = PBXFileReference; fileEncoding = 4; lastKnownFileType = sourcecode.swift; path = ChatTextLabel.swift; sourceTree = "<group>"; };
		D5791E431E5A978F00F696B3 /* MessageContainerView.swift */ = {isa = PBXFileReference; fileEncoding = 4; lastKnownFileType = sourcecode.swift; path = MessageContainerView.swift; sourceTree = "<group>"; };
		D5F8B73E1E484FD500B6D3FB /* ParseApp.app */ = {isa = PBXFileReference; explicitFileType = wrapper.application; includeInIndex = 0; path = ParseApp.app; sourceTree = BUILT_PRODUCTS_DIR; };
		D5F8B7411E484FD500B6D3FB /* AppDelegate.swift */ = {isa = PBXFileReference; lastKnownFileType = sourcecode.swift; path = AppDelegate.swift; sourceTree = "<group>"; };
		D5F8B7461E484FD500B6D3FB /* Base */ = {isa = PBXFileReference; lastKnownFileType = file.storyboard; name = Base; path = Base.lproj/Main.storyboard; sourceTree = "<group>"; };
		D5F8B7481E484FD500B6D3FB /* Assets.xcassets */ = {isa = PBXFileReference; lastKnownFileType = folder.assetcatalog; path = Assets.xcassets; sourceTree = "<group>"; };
		D5F8B74B1E484FD500B6D3FB /* Base */ = {isa = PBXFileReference; lastKnownFileType = file.storyboard; name = Base; path = Base.lproj/LaunchScreen.storyboard; sourceTree = "<group>"; };
		D5F8B74D1E484FD500B6D3FB /* Info.plist */ = {isa = PBXFileReference; lastKnownFileType = text.plist.xml; path = Info.plist; sourceTree = "<group>"; };
		D5F8B7531E48508000B6D3FB /* ParseLoginViewController.swift */ = {isa = PBXFileReference; fileEncoding = 4; lastKnownFileType = sourcecode.swift; path = ParseLoginViewController.swift; sourceTree = "<group>"; };
		D5F8B7551E48554200B6D3FB /* ParseClient.swift */ = {isa = PBXFileReference; fileEncoding = 4; lastKnownFileType = sourcecode.swift; path = ParseClient.swift; sourceTree = "<group>"; };
/* End PBXFileReference section */

/* Begin PBXFrameworksBuildPhase section */
		D5F8B73B1E484FD500B6D3FB /* Frameworks */ = {
			isa = PBXFrameworksBuildPhase;
			buildActionMask = 2147483647;
			files = (
				8982640DE11A534DB4FD0599 /* Pods_ParseApp.framework in Frameworks */,
			);
			runOnlyForDeploymentPostprocessing = 0;
		};
/* End PBXFrameworksBuildPhase section */

/* Begin PBXGroup section */
		ACFAC03BDAB01843092C007F /* Frameworks */ = {
			isa = PBXGroup;
			children = (
				6D33BC7C265FCAA9E28344D0 /* Pods_ParseApp.framework */,
			);
			name = Frameworks;
			sourceTree = "<group>";
		};
		D535ADF41E59968700145B4A /* ViewControllers */ = {
			isa = PBXGroup;
			children = (
				D5F8B7531E48508000B6D3FB /* ParseLoginViewController.swift */,
				D535ADFA1E59984700145B4A /* BaseNavigationViewController.swift */,
				D5791E341E5A550200F696B3 /* ChatViewController.swift */,
			);
			name = ViewControllers;
			sourceTree = "<group>";
		};
		D535ADF51E59969200145B4A /* API */ = {
			isa = PBXGroup;
			children = (
				D5F8B7551E48554200B6D3FB /* ParseClient.swift */,
			);
			name = API;
			sourceTree = "<group>";
		};
		D535ADF61E59972B00145B4A /* Models */ = {
			isa = PBXGroup;
			children = (
				D5791E3B1E5A7D1500F696B3 /* Message.swift */,
			);
			name = Models;
			sourceTree = "<group>";
		};
		D5791E311E5A2BC100F696B3 /* Supporting Files */ = {
			isa = PBXGroup;
			children = (
				D5791E321E5A2BD800F696B3 /* KeyDefinitions.swift */,
			);
			name = "Supporting Files";
			sourceTree = "<group>";
		};
		D5791E361E5A756F00F696B3 /* Views */ = {
			isa = PBXGroup;
			children = (
				D5791E371E5A759A00F696B3 /* SendChatTextView.swift */,
				D5791E3D1E5A7F7B00F696B3 /* SendChatButton.swift */,
				D5791E3F1E5A8BC100F696B3 /* ChatTableViewCell.swift */,
				D5791E411E5A8CAF00F696B3 /* ChatTextLabel.swift */,
				D5791E431E5A978F00F696B3 /* MessageContainerView.swift */,
			);
			name = Views;
			sourceTree = "<group>";
		};
		D5F8B7351E484FD500B6D3FB = {
			isa = PBXGroup;
			children = (
				D5F8B7401E484FD500B6D3FB /* ParseApp */,
				D5F8B73F1E484FD500B6D3FB /* Products */,
				E888F15A39C08F4742921A7B /* Pods */,
				ACFAC03BDAB01843092C007F /* Frameworks */,
			);
			sourceTree = "<group>";
		};
		D5F8B73F1E484FD500B6D3FB /* Products */ = {
			isa = PBXGroup;
			children = (
				D5F8B73E1E484FD500B6D3FB /* ParseApp.app */,
			);
			name = Products;
			sourceTree = "<group>";
		};
		D5F8B7401E484FD500B6D3FB /* ParseApp */ = {
			isa = PBXGroup;
			children = (
				D5F8B7411E484FD500B6D3FB /* AppDelegate.swift */,
				D535ADF61E59972B00145B4A /* Models */,
				D5791E361E5A756F00F696B3 /* Views */,
				D535ADF51E59969200145B4A /* API */,
				D535ADF41E59968700145B4A /* ViewControllers */,
				D5791E311E5A2BC100F696B3 /* Supporting Files */,
				D5F8B7451E484FD500B6D3FB /* Main.storyboard */,
				D5F8B7481E484FD500B6D3FB /* Assets.xcassets */,
				D5F8B74A1E484FD500B6D3FB /* LaunchScreen.storyboard */,
				D5F8B74D1E484FD500B6D3FB /* Info.plist */,
			);
			path = ParseApp;
			sourceTree = "<group>";
		};
		E888F15A39C08F4742921A7B /* Pods */ = {
			isa = PBXGroup;
			children = (
				85D21282E3AB18E1D6CE4E42 /* Pods-ParseApp.debug.xcconfig */,
				9BAE1FA18C1E9C2F95E0035B /* Pods-ParseApp.release.xcconfig */,
			);
			name = Pods;
			sourceTree = "<group>";
		};
/* End PBXGroup section */

/* Begin PBXNativeTarget section */
		D5F8B73D1E484FD500B6D3FB /* ParseApp */ = {
			isa = PBXNativeTarget;
			buildConfigurationList = D5F8B7501E484FD500B6D3FB /* Build configuration list for PBXNativeTarget "ParseApp" */;
			buildPhases = (
				6A9BFF65CBF5DD26B5A2650A /* [CP] Check Pods Manifest.lock */,
				D5F8B73A1E484FD500B6D3FB /* Sources */,
				D5F8B73B1E484FD500B6D3FB /* Frameworks */,
				D5F8B73C1E484FD500B6D3FB /* Resources */,
				DA235B756D6B507C08BBF299 /* [CP] Embed Pods Frameworks */,
				1AB043E0D582FCD58D07388F /* [CP] Copy Pods Resources */,
			);
			buildRules = (
			);
			dependencies = (
			);
			name = ParseApp;
			productName = ParseApp;
			productReference = D5F8B73E1E484FD500B6D3FB /* ParseApp.app */;
			productType = "com.apple.product-type.application";
		};
/* End PBXNativeTarget section */

/* Begin PBXProject section */
		D5F8B7361E484FD500B6D3FB /* Project object */ = {
			isa = PBXProject;
			attributes = {
				LastSwiftUpdateCheck = 0820;
				LastUpgradeCheck = 0820;
				ORGANIZATIONNAME = "Nick McDonald";
				TargetAttributes = {
					D5F8B73D1E484FD500B6D3FB = {
						CreatedOnToolsVersion = 8.2.1;
						DevelopmentTeam = 3QT27T2PJ3;
						ProvisioningStyle = Automatic;
					};
				};
			};
			buildConfigurationList = D5F8B7391E484FD500B6D3FB /* Build configuration list for PBXProject "ParseApp" */;
			compatibilityVersion = "Xcode 3.2";
			developmentRegion = English;
			hasScannedForEncodings = 0;
			knownRegions = (
				en,
				Base,
			);
			mainGroup = D5F8B7351E484FD500B6D3FB;
			productRefGroup = D5F8B73F1E484FD500B6D3FB /* Products */;
			projectDirPath = "";
			projectRoot = "";
			targets = (
				D5F8B73D1E484FD500B6D3FB /* ParseApp */,
			);
		};
/* End PBXProject section */

/* Begin PBXResourcesBuildPhase section */
		D5F8B73C1E484FD500B6D3FB /* Resources */ = {
			isa = PBXResourcesBuildPhase;
			buildActionMask = 2147483647;
			files = (
				D5F8B74C1E484FD500B6D3FB /* LaunchScreen.storyboard in Resources */,
				D5F8B7491E484FD500B6D3FB /* Assets.xcassets in Resources */,
				D5F8B7471E484FD500B6D3FB /* Main.storyboard in Resources */,
			);
			runOnlyForDeploymentPostprocessing = 0;
		};
/* End PBXResourcesBuildPhase section */

/* Begin PBXShellScriptBuildPhase section */
		1AB043E0D582FCD58D07388F /* [CP] Copy Pods Resources */ = {
			isa = PBXShellScriptBuildPhase;
			buildActionMask = 2147483647;
			files = (
			);
			inputPaths = (
			);
			name = "[CP] Copy Pods Resources";
			outputPaths = (
			);
			runOnlyForDeploymentPostprocessing = 0;
			shellPath = /bin/sh;
			shellScript = "\"${SRCROOT}/Pods/Target Support Files/Pods-ParseApp/Pods-ParseApp-resources.sh\"\n";
			showEnvVarsInLog = 0;
		};
		6A9BFF65CBF5DD26B5A2650A /* [CP] Check Pods Manifest.lock */ = {
			isa = PBXShellScriptBuildPhase;
			buildActionMask = 2147483647;
			files = (
			);
			inputPaths = (
			);
			name = "[CP] Check Pods Manifest.lock";
			outputPaths = (
			);
			runOnlyForDeploymentPostprocessing = 0;
			shellPath = /bin/sh;
			shellScript = "diff \"${PODS_ROOT}/../Podfile.lock\" \"${PODS_ROOT}/Manifest.lock\" > /dev/null\nif [ $? != 0 ] ; then\n    # print error to STDERR\n    echo \"error: The sandbox is not in sync with the Podfile.lock. Run 'pod install' or update your CocoaPods installation.\" >&2\n    exit 1\nfi\n";
			showEnvVarsInLog = 0;
		};
		DA235B756D6B507C08BBF299 /* [CP] Embed Pods Frameworks */ = {
			isa = PBXShellScriptBuildPhase;
			buildActionMask = 2147483647;
			files = (
			);
			inputPaths = (
			);
			name = "[CP] Embed Pods Frameworks";
			outputPaths = (
			);
			runOnlyForDeploymentPostprocessing = 0;
			shellPath = /bin/sh;
			shellScript = "\"${SRCROOT}/Pods/Target Support Files/Pods-ParseApp/Pods-ParseApp-frameworks.sh\"\n";
			showEnvVarsInLog = 0;
		};
/* End PBXShellScriptBuildPhase section */

/* Begin PBXSourcesBuildPhase section */
		D5F8B73A1E484FD500B6D3FB /* Sources */ = {
			isa = PBXSourcesBuildPhase;
			buildActionMask = 2147483647;
			files = (
				D5791E421E5A8CAF00F696B3 /* ChatTextLabel.swift in Sources */,
				D5791E381E5A759A00F696B3 /* SendChatTextView.swift in Sources */,
				D5791E331E5A2BD800F696B3 /* KeyDefinitions.swift in Sources */,
				D5F8B7561E48554200B6D3FB /* ParseClient.swift in Sources */,
				D5791E441E5A978F00F696B3 /* MessageContainerView.swift in Sources */,
				D5F8B7541E48508000B6D3FB /* ParseLoginViewController.swift in Sources */,
				D5791E3E1E5A7F7B00F696B3 /* SendChatButton.swift in Sources */,
				D5F8B7421E484FD500B6D3FB /* AppDelegate.swift in Sources */,
				D5791E3C1E5A7D1500F696B3 /* Message.swift in Sources */,
				D5791E401E5A8BC100F696B3 /* ChatTableViewCell.swift in Sources */,
				D5791E351E5A550200F696B3 /* ChatViewController.swift in Sources */,
				D535ADFB1E59984700145B4A /* BaseNavigationViewController.swift in Sources */,
			);
			runOnlyForDeploymentPostprocessing = 0;
		};
/* End PBXSourcesBuildPhase section */

/* Begin PBXVariantGroup section */
		D5F8B7451E484FD500B6D3FB /* Main.storyboard */ = {
			isa = PBXVariantGroup;
			children = (
				D5F8B7461E484FD500B6D3FB /* Base */,
			);
			name = Main.storyboard;
			sourceTree = "<group>";
		};
		D5F8B74A1E484FD500B6D3FB /* LaunchScreen.storyboard */ = {
			isa = PBXVariantGroup;
			children = (
				D5F8B74B1E484FD500B6D3FB /* Base */,
			);
			name = LaunchScreen.storyboard;
			sourceTree = "<group>";
		};
/* End PBXVariantGroup section */

/* Begin XCBuildConfiguration section */
		D5F8B74E1E484FD500B6D3FB /* Debug */ = {
			isa = XCBuildConfiguration;
			buildSettings = {
				ALWAYS_SEARCH_USER_PATHS = NO;
				CLANG_ANALYZER_NONNULL = YES;
				CLANG_CXX_LANGUAGE_STANDARD = "gnu++0x";
				CLANG_CXX_LIBRARY = "libc++";
				CLANG_ENABLE_MODULES = YES;
				CLANG_ENABLE_OBJC_ARC = YES;
				CLANG_WARN_BOOL_CONVERSION = YES;
				CLANG_WARN_CONSTANT_CONVERSION = YES;
				CLANG_WARN_DIRECT_OBJC_ISA_USAGE = YES_ERROR;
				CLANG_WARN_DOCUMENTATION_COMMENTS = YES;
				CLANG_WARN_EMPTY_BODY = YES;
				CLANG_WARN_ENUM_CONVERSION = YES;
				CLANG_WARN_INFINITE_RECURSION = YES;
				CLANG_WARN_INT_CONVERSION = YES;
				CLANG_WARN_OBJC_ROOT_CLASS = YES_ERROR;
				CLANG_WARN_SUSPICIOUS_MOVE = YES;
				CLANG_WARN_UNREACHABLE_CODE = YES;
				CLANG_WARN__DUPLICATE_METHOD_MATCH = YES;
				"CODE_SIGN_IDENTITY[sdk=iphoneos*]" = "iPhone Developer";
				COPY_PHASE_STRIP = NO;
				DEBUG_INFORMATION_FORMAT = dwarf;
				ENABLE_STRICT_OBJC_MSGSEND = YES;
				ENABLE_TESTABILITY = YES;
				GCC_C_LANGUAGE_STANDARD = gnu99;
				GCC_DYNAMIC_NO_PIC = NO;
				GCC_NO_COMMON_BLOCKS = YES;
				GCC_OPTIMIZATION_LEVEL = 0;
				GCC_PREPROCESSOR_DEFINITIONS = (
					"DEBUG=1",
					"$(inherited)",
				);
				GCC_WARN_64_TO_32_BIT_CONVERSION = YES;
				GCC_WARN_ABOUT_RETURN_TYPE = YES_ERROR;
				GCC_WARN_UNDECLARED_SELECTOR = YES;
				GCC_WARN_UNINITIALIZED_AUTOS = YES_AGGRESSIVE;
				GCC_WARN_UNUSED_FUNCTION = YES;
				GCC_WARN_UNUSED_VARIABLE = YES;
				IPHONEOS_DEPLOYMENT_TARGET = 10.2;
				MTL_ENABLE_DEBUG_INFO = YES;
				ONLY_ACTIVE_ARCH = YES;
				SDKROOT = iphoneos;
				SWIFT_ACTIVE_COMPILATION_CONDITIONS = DEBUG;
				SWIFT_OPTIMIZATION_LEVEL = "-Onone";
			};
			name = Debug;
		};
		D5F8B74F1E484FD500B6D3FB /* Release */ = {
			isa = XCBuildConfiguration;
			buildSettings = {
				ALWAYS_SEARCH_USER_PATHS = NO;
				CLANG_ANALYZER_NONNULL = YES;
				CLANG_CXX_LANGUAGE_STANDARD = "gnu++0x";
				CLANG_CXX_LIBRARY = "libc++";
				CLANG_ENABLE_MODULES = YES;
				CLANG_ENABLE_OBJC_ARC = YES;
				CLANG_WARN_BOOL_CONVERSION = YES;
				CLANG_WARN_CONSTANT_CONVERSION = YES;
				CLANG_WARN_DIRECT_OBJC_ISA_USAGE = YES_ERROR;
				CLANG_WARN_DOCUMENTATION_COMMENTS = YES;
				CLANG_WARN_EMPTY_BODY = YES;
				CLANG_WARN_ENUM_CONVERSION = YES;
				CLANG_WARN_INFINITE_RECURSION = YES;
				CLANG_WARN_INT_CONVERSION = YES;
				CLANG_WARN_OBJC_ROOT_CLASS = YES_ERROR;
				CLANG_WARN_SUSPICIOUS_MOVE = YES;
				CLANG_WARN_UNREACHABLE_CODE = YES;
				CLANG_WARN__DUPLICATE_METHOD_MATCH = YES;
				"CODE_SIGN_IDENTITY[sdk=iphoneos*]" = "iPhone Developer";
				COPY_PHASE_STRIP = NO;
				DEBUG_INFORMATION_FORMAT = "dwarf-with-dsym";
				ENABLE_NS_ASSERTIONS = NO;
				ENABLE_STRICT_OBJC_MSGSEND = YES;
				GCC_C_LANGUAGE_STANDARD = gnu99;
				GCC_NO_COMMON_BLOCKS = YES;
				GCC_WARN_64_TO_32_BIT_CONVERSION = YES;
				GCC_WARN_ABOUT_RETURN_TYPE = YES_ERROR;
				GCC_WARN_UNDECLARED_SELECTOR = YES;
				GCC_WARN_UNINITIALIZED_AUTOS = YES_AGGRESSIVE;
				GCC_WARN_UNUSED_FUNCTION = YES;
				GCC_WARN_UNUSED_VARIABLE = YES;
				IPHONEOS_DEPLOYMENT_TARGET = 10.2;
				MTL_ENABLE_DEBUG_INFO = NO;
				SDKROOT = iphoneos;
				SWIFT_OPTIMIZATION_LEVEL = "-Owholemodule";
				VALIDATE_PRODUCT = YES;
			};
			name = Release;
		};
		D5F8B7511E484FD500B6D3FB /* Debug */ = {
			isa = XCBuildConfiguration;
			baseConfigurationReference = 85D21282E3AB18E1D6CE4E42 /* Pods-ParseApp.debug.xcconfig */;
			buildSettings = {
				ASSETCATALOG_COMPILER_APPICON_NAME = AppIcon;
				DEVELOPMENT_TEAM = 3QT27T2PJ3;
				INFOPLIST_FILE = ParseApp/Info.plist;
				LD_RUNPATH_SEARCH_PATHS = "$(inherited) @executable_path/Frameworks";
				PRODUCT_BUNDLE_IDENTIFIER = com.nickdonald.ParseApp;
				PRODUCT_NAME = "$(TARGET_NAME)";
				SWIFT_VERSION = 3.0;
			};
			name = Debug;
		};
		D5F8B7521E484FD500B6D3FB /* Release */ = {
			isa = XCBuildConfiguration;
			baseConfigurationReference = 9BAE1FA18C1E9C2F95E0035B /* Pods-ParseApp.release.xcconfig */;
			buildSettings = {
				ASSETCATALOG_COMPILER_APPICON_NAME = AppIcon;
				DEVELOPMENT_TEAM = 3QT27T2PJ3;
				INFOPLIST_FILE = ParseApp/Info.plist;
				LD_RUNPATH_SEARCH_PATHS = "$(inherited) @executable_path/Frameworks";
				PRODUCT_BUNDLE_IDENTIFIER = com.nickdonald.ParseApp;
				PRODUCT_NAME = "$(TARGET_NAME)";
				SWIFT_VERSION = 3.0;
			};
			name = Release;
		};
/* End XCBuildConfiguration section */

/* Begin XCConfigurationList section */
		D5F8B7391E484FD500B6D3FB /* Build configuration list for PBXProject "ParseApp" */ = {
			isa = XCConfigurationList;
			buildConfigurations = (
				D5F8B74E1E484FD500B6D3FB /* Debug */,
				D5F8B74F1E484FD500B6D3FB /* Release */,
			);
			defaultConfigurationIsVisible = 0;
			defaultConfigurationName = Release;
		};
		D5F8B7501E484FD500B6D3FB /* Build configuration list for PBXNativeTarget "ParseApp" */ = {
			isa = XCConfigurationList;
			buildConfigurations = (
				D5F8B7511E484FD500B6D3FB /* Debug */,
				D5F8B7521E484FD500B6D3FB /* Release */,
			);
			defaultConfigurationIsVisible = 0;
			defaultConfigurationName = Release;
		};
/* End XCConfigurationList section */
	};
	rootObject = D5F8B7361E484FD500B6D3FB /* Project object */;
}
