// !$*UTF8*$!
{
	archiveVersion = 1;
	classes = {
	};
	objectVersion = 46;
	objects = {

/* Begin PBXBuildFile section */
		D5F8B7421E484FD500B6D3FB /* AppDelegate.swift in Sources */ = {isa = PBXBuildFile; fileRef = D5F8B7411E484FD500B6D3FB /* AppDelegate.swift */; };
		D5F8B7441E484FD500B6D3FB /* ViewController.swift in Sources */ = {isa = PBXBuildFile; fileRef = D5F8B7431E484FD500B6D3FB /* ViewController.swift */; };
		D5F8B7471E484FD500B6D3FB /* Main.storyboard in Resources */ = {isa = PBXBuildFile; fileRef = D5F8B7451E484FD500B6D3FB /* Main.storyboard */; };
		D5F8B7491E484FD500B6D3FB /* Assets.xcassets in Resources */ = {isa = PBXBuildFile; fileRef = D5F8B7481E484FD500B6D3FB /* Assets.xcassets */; };
		D5F8B74C1E484FD500B6D3FB /* LaunchScreen.storyboard in Resources */ = {isa = PBXBuildFile; fileRef = D5F8B74A1E484FD500B6D3FB /* LaunchScreen.storyboard */; };
/* End PBXBuildFile section */

/* Begin PBXFileReference section */
		D5F8B73E1E484FD500B6D3FB /* ParseApp.app */ = {isa = PBXFileReference; explicitFileType = wrapper.application; includeInIndex = 0; path = ParseApp.app; sourceTree = BUILT_PRODUCTS_DIR; };
		D5F8B7411E484FD500B6D3FB /* AppDelegate.swift */ = {isa = PBXFileReference; lastKnownFileType = sourcecode.swift; path = AppDelegate.swift; sourceTree = "<group>"; };
		D5F8B7431E484FD500B6D3FB /* ViewController.swift */ = {isa = PBXFileReference; lastKnownFileType = sourcecode.swift; path = ViewController.swift; sourceTree = "<group>"; };
		D5F8B7461E484FD500B6D3FB /* Base */ = {isa = PBXFileReference; lastKnownFileType = file.storyboard; name = Base; path = Base.lproj/Main.storyboard; sourceTree = "<group>"; };
		D5F8B7481E484FD500B6D3FB /* Assets.xcassets */ = {isa = PBXFileReference; lastKnownFileType = folder.assetcatalog; path = Assets.xcassets; sourceTree = "<group>"; };
		D5F8B74B1E484FD500B6D3FB /* Base */ = {isa = PBXFileReference; lastKnownFileType = file.storyboard; name = Base; path = Base.lproj/LaunchScreen.storyboard; sourceTree = "<group>"; };
		D5F8B74D1E484FD500B6D3FB /* Info.plist */ = {isa = PBXFileReference; lastKnownFileType = text.plist.xml; path = Info.plist; sourceTree = "<group>"; };
/* End PBXFileReference section */

/* Begin PBXFrameworksBuildPhase section */
		D5F8B73B1E484FD500B6D3FB /* Frameworks */ = {
			isa = PBXFrameworksBuildPhase;
			buildActionMask = 2147483647;
			files = (
			);
			runOnlyForDeploymentPostprocessing = 0;
		};
/* End PBXFrameworksBuildPhase section */

/* Begin PBXGroup section */
		D5F8B7351E484FD500B6D3FB = {
			isa = PBXGroup;
			children = (
				D5F8B7401E484FD500B6D3FB /* ParseApp */,
				D5F8B73F1E484FD500B6D3FB /* Products */,
			);
			sourceTree = "<group>";
		};
		D5F8B73F1E484FD500B6D3FB /* Products */ = {
			isa = PBXGroup;
			children = (
				D5F8B73E1E484FD500B6D3FB /* ParseApp.app */,
			);
			name = Products;
			sourceTree = "<group>";
		};
		D5F8B7401E484FD500B6D3FB /* ParseApp */ = {
			isa = PBXGroup;
			children = (
				D5F8B7411E484FD500B6D3FB /* AppDelegate.swift */,
				D5F8B7431E484FD500B6D3FB /* ViewController.swift */,
				D5F8B7451E484FD500B6D3FB /* Main.storyboard */,
				D5F8B7481E484FD500B6D3FB /* Assets.xcassets */,
				D5F8B74A1E484FD500B6D3FB /* LaunchScreen.storyboard */,
				D5F8B74D1E484FD500B6D3FB /* Info.plist */,
			);
			path = ParseApp;
			sourceTree = "<group>";
		};
/* End PBXGroup section */

/* Begin PBXNativeTarget section */
		D5F8B73D1E484FD500B6D3FB /* ParseApp */ = {
			isa = PBXNativeTarget;
			buildConfigurationList = D5F8B7501E484FD500B6D3FB /* Build configuration list for PBXNativeTarget "ParseApp" */;
			buildPhases = (
				D5F8B73A1E484FD500B6D3FB /* Sources */,
				D5F8B73B1E484FD500B6D3FB /* Frameworks */,
				D5F8B73C1E484FD500B6D3FB /* Resources */,
			);
			buildRules = (
			);
			dependencies = (
			);
			name = ParseApp;
			productName = ParseApp;
			productReference = D5F8B73E1E484FD500B6D3FB /* ParseApp.app */;
			productType = "com.apple.product-type.application";
		};
/* End PBXNativeTarget section */

/* Begin PBXProject section */
		D5F8B7361E484FD500B6D3FB /* Project object */ = {
			isa = PBXProject;
			attributes = {
				LastSwiftUpdateCheck = 0820;
				LastUpgradeCheck = 0820;
				ORGANIZATIONNAME = "Nick McDonald";
				TargetAttributes = {
					D5F8B73D1E484FD500B6D3FB = {
						CreatedOnToolsVersion = 8.2.1;
						DevelopmentTeam = 3QT27T2PJ3;
						ProvisioningStyle = Automatic;
					};
				};
			};
			buildConfigurationList = D5F8B7391E484FD500B6D3FB /* Build configuration list for PBXProject "ParseApp" */;
			compatibilityVersion = "Xcode 3.2";
			developmentRegion = English;
			hasScannedForEncodings = 0;
			knownRegions = (
				en,
				Base,
			);
			mainGroup = D5F8B7351E484FD500B6D3FB;
			productRefGroup = D5F8B73F1E484FD500B6D3FB /* Products */;
			projectDirPath = "";
			projectRoot = "";
			targets = (
				D5F8B73D1E484FD500B6D3FB /* ParseApp */,
			);
		};
/* End PBXProject section */

/* Begin PBXResourcesBuildPhase section */
		D5F8B73C1E484FD500B6D3FB /* Resources */ = {
			isa = PBXResourcesBuildPhase;
			buildActionMask = 2147483647;
			files = (
				D5F8B74C1E484FD500B6D3FB /* LaunchScreen.storyboard in Resources */,
				D5F8B7491E484FD500B6D3FB /* Assets.xcassets in Resources */,
				D5F8B7471E484FD500B6D3FB /* Main.storyboard in Resources */,
			);
			runOnlyForDeploymentPostprocessing = 0;
		};
/* End PBXResourcesBuildPhase section */

/* Begin PBXSourcesBuildPhase section */
		D5F8B73A1E484FD500B6D3FB /* Sources */ = {
			isa = PBXSourcesBuildPhase;
			buildActionMask = 2147483647;
			files = (
				D5F8B7441E484FD500B6D3FB /* ViewController.swift in Sources */,
				D5F8B7421E484FD500B6D3FB /* AppDelegate.swift in Sources */,
			);
			runOnlyForDeploymentPostprocessing = 0;
		};
/* End PBXSourcesBuildPhase section */

/* Begin PBXVariantGroup section */
		D5F8B7451E484FD500B6D3FB /* Main.storyboard */ = {
			isa = PBXVariantGroup;
			children = (
				D5F8B7461E484FD500B6D3FB /* Base */,
			);
			name = Main.storyboard;
			sourceTree = "<group>";
		};
		D5F8B74A1E484FD500B6D3FB /* LaunchScreen.storyboard */ = {
			isa = PBXVariantGroup;
			children = (
				D5F8B74B1E484FD500B6D3FB /* Base */,
			);
			name = LaunchScreen.storyboard;
			sourceTree = "<group>";
		};
/* End PBXVariantGroup section */

/* Begin XCBuildConfiguration section */
		D5F8B74E1E484FD500B6D3FB /* Debug */ = {
			isa = XCBuildConfiguration;
			buildSettings = {
				ALWAYS_SEARCH_USER_PATHS = NO;
				CLANG_ANALYZER_NONNULL = YES;
				CLANG_CXX_LANGUAGE_STANDARD = "gnu++0x";
				CLANG_CXX_LIBRARY = "libc++";
				CLANG_ENABLE_MODULES = YES;
				CLANG_ENABLE_OBJC_ARC = YES;
				CLANG_WARN_BOOL_CONVERSION = YES;
				CLANG_WARN_CONSTANT_CONVERSION = YES;
				CLANG_WARN_DIRECT_OBJC_ISA_USAGE = YES_ERROR;
				CLANG_WARN_DOCUMENTATION_COMMENTS = YES;
				CLANG_WARN_EMPTY_BODY = YES;
				CLANG_WARN_ENUM_CONVERSION = YES;
				CLANG_WARN_INFINITE_RECURSION = YES;
				CLANG_WARN_INT_CONVERSION = YES;
				CLANG_WARN_OBJC_ROOT_CLASS = YES_ERROR;
				CLANG_WARN_SUSPICIOUS_MOVE = YES;
				CLANG_WARN_UNREACHABLE_CODE = YES;
				CLANG_WARN__DUPLICATE_METHOD_MATCH = YES;
				"CODE_SIGN_IDENTITY[sdk=iphoneos*]" = "iPhone Developer";
				COPY_PHASE_STRIP = NO;
				DEBUG_INFORMATION_FORMAT = dwarf;
				ENABLE_STRICT_OBJC_MSGSEND = YES;
				ENABLE_TESTABILITY = YES;
				GCC_C_LANGUAGE_STANDARD = gnu99;
				GCC_DYNAMIC_NO_PIC = NO;
				GCC_NO_COMMON_BLOCKS = YES;
				GCC_OPTIMIZATION_LEVEL = 0;
				GCC_PREPROCESSOR_DEFINITIONS = (
					"DEBUG=1",
					"$(inherited)",
				);
				GCC_WARN_64_TO_32_BIT_CONVERSION = YES;
				GCC_WARN_ABOUT_RETURN_TYPE = YES_ERROR;
				GCC_WARN_UNDECLARED_SELECTOR = YES;
				GCC_WARN_UNINITIALIZED_AUTOS = YES_AGGRESSIVE;
				GCC_WARN_UNUSED_FUNCTION = YES;
				GCC_WARN_UNUSED_VARIABLE = YES;
				IPHONEOS_DEPLOYMENT_TARGET = 10.2;
				MTL_ENABLE_DEBUG_INFO = YES;
				ONLY_ACTIVE_ARCH = YES;
				SDKROOT = iphoneos;
				SWIFT_ACTIVE_COMPILATION_CONDITIONS = DEBUG;
				SWIFT_OPTIMIZATION_LEVEL = "-Onone";
			};
			name = Debug;
		};
		D5F8B74F1E484FD500B6D3FB /* Release */ = {
			isa = XCBuildConfiguration;
			buildSettings = {
				ALWAYS_SEARCH_USER_PATHS = NO;
				CLANG_ANALYZER_NONNULL = YES;
				CLANG_CXX_LANGUAGE_STANDARD = "gnu++0x";
				CLANG_CXX_LIBRARY = "libc++";
				CLANG_ENABLE_MODULES = YES;
				CLANG_ENABLE_OBJC_ARC = YES;
				CLANG_WARN_BOOL_CONVERSION = YES;
				CLANG_WARN_CONSTANT_CONVERSION = YES;
				CLANG_WARN_DIRECT_OBJC_ISA_USAGE = YES_ERROR;
				CLANG_WARN_DOCUMENTATION_COMMENTS = YES;
				CLANG_WARN_EMPTY_BODY = YES;
				CLANG_WARN_ENUM_CONVERSION = YES;
				CLANG_WARN_INFINITE_RECURSION = YES;
				CLANG_WARN_INT_CONVERSION = YES;
				CLANG_WARN_OBJC_ROOT_CLASS = YES_ERROR;
				CLANG_WARN_SUSPICIOUS_MOVE = YES;
				CLANG_WARN_UNREACHABLE_CODE = YES;
				CLANG_WARN__DUPLICATE_METHOD_MATCH = YES;
				"CODE_SIGN_IDENTITY[sdk=iphoneos*]" = "iPhone Developer";
				COPY_PHASE_STRIP = NO;
				DEBUG_INFORMATION_FORMAT = "dwarf-with-dsym";
				ENABLE_NS_ASSERTIONS = NO;
				ENABLE_STRICT_OBJC_MSGSEND = YES;
				GCC_C_LANGUAGE_STANDARD = gnu99;
				GCC_NO_COMMON_BLOCKS = YES;
				GCC_WARN_64_TO_32_BIT_CONVERSION = YES;
				GCC_WARN_ABOUT_RETURN_TYPE = YES_ERROR;
				GCC_WARN_UNDECLARED_SELECTOR = YES;
				GCC_WARN_UNINITIALIZED_AUTOS = YES_AGGRESSIVE;
				GCC_WARN_UNUSED_FUNCTION = YES;
				GCC_WARN_UNUSED_VARIABLE = YES;
				IPHONEOS_DEPLOYMENT_TARGET = 10.2;
				MTL_ENABLE_DEBUG_INFO = NO;
				SDKROOT = iphoneos;
				SWIFT_OPTIMIZATION_LEVEL = "-Owholemodule";
				VALIDATE_PRODUCT = YES;
			};
			name = Release;
		};
		D5F8B7511E484FD500B6D3FB /* Debug */ = {
			isa = XCBuildConfiguration;
			buildSettings = {
				ASSETCATALOG_COMPILER_APPICON_NAME = AppIcon;
				DEVELOPMENT_TEAM = 3QT27T2PJ3;
				INFOPLIST_FILE = ParseApp/Info.plist;
				LD_RUNPATH_SEARCH_PATHS = "$(inherited) @executable_path/Frameworks";
				PRODUCT_BUNDLE_IDENTIFIER = com.nickdonald.ParseApp;
				PRODUCT_NAME = "$(TARGET_NAME)";
				SWIFT_VERSION = 3.0;
			};
			name = Debug;
		};
		D5F8B7521E484FD500B6D3FB /* Release */ = {
			isa = XCBuildConfiguration;
			buildSettings = {
				ASSETCATALOG_COMPILER_APPICON_NAME = AppIcon;
				DEVELOPMENT_TEAM = 3QT27T2PJ3;
				INFOPLIST_FILE = ParseApp/Info.plist;
				LD_RUNPATH_SEARCH_PATHS = "$(inherited) @executable_path/Frameworks";
				PRODUCT_BUNDLE_IDENTIFIER = com.nickdonald.ParseApp;
				PRODUCT_NAME = "$(TARGET_NAME)";
				SWIFT_VERSION = 3.0;
			};
			name = Release;
		};
/* End XCBuildConfiguration section */

/* Begin XCConfigurationList section */
		D5F8B7391E484FD500B6D3FB /* Build configuration list for PBXProject "ParseApp" */ = {
			isa = XCConfigurationList;
			buildConfigurations = (
				D5F8B74E1E484FD500B6D3FB /* Debug */,
				D5F8B74F1E484FD500B6D3FB /* Release */,
			);
			defaultConfigurationIsVisible = 0;
			defaultConfigurationName = Release;
		};
		D5F8B7501E484FD500B6D3FB /* Build configuration list for PBXNativeTarget "ParseApp" */ = {
			isa = XCConfigurationList;
			buildConfigurations = (
				D5F8B7511E484FD500B6D3FB /* Debug */,
				D5F8B7521E484FD500B6D3FB /* Release */,
			);
			defaultConfigurationIsVisible = 0;
		};
/* End XCConfigurationList section */
	};
	rootObject = D5F8B7361E484FD500B6D3FB /* Project object */;
}
